
Microsoft Visual Studio Solution File, Format Version 12.00
# Visual Studio Version 17
VisualStudioVersion = 17.10.34916.146
MinimumVisualStudioVersion = 10.0.40219.1
Project("{FAE04EC0-301F-11D3-BF4B-00C04F79EFBC}") = "t3", "t3\t3.csproj", "{49BB38DD-8734-42AA-83DF-2374C4CBC03D}"
EndProject
Global
	GlobalSection(SolutionConfigurationPlatforms) = preSolution
		Debug|Any CPU = Debug|Any CPU
		Release|Any CPU = Release|Any CPU
	EndGlobalSection
	GlobalSection(ProjectConfigurationPlatforms) = postSolution
		{49BB38DD-8734-42AA-83DF-2374C4CBC03D}.Debug|Any CPU.ActiveCfg = Debug|Any CPU
		{49BB38DD-8734-42AA-83DF-2374C4CBC03D}.Debug|Any CPU.Build.0 = Debug|Any CPU
		{49BB38DD-8734-42AA-83DF-2374C4CBC03D}.Release|Any CPU.ActiveCfg = Release|Any CPU
		{49BB38DD-8734-42AA-83DF-2374C4CBC03D}.Release|Any CPU.Build.0 = Release|Any CPU
	EndGlobalSection
	GlobalSection(SolutionProperties) = preSolution
		HideSolutionNode = FALSE
	EndGlobalSection
	GlobalSection(ExtensibilityGlobals) = postSolution
		SolutionGuid = {D794FB1D-D5A4-4909-A4C9-D2081C3B6263}
	EndGlobalSection
EndGlobal
